{
  "nodes": {
    "nixpkgs": {
      "locked": {
        "lastModified": 1786313170,
        "narHash": "sha256-9BG7OgUWdu0ONDO5X2q6+K4bsuBITkX/3W4nNJu1Ito=",
        "ref": "nixos-26.05",
        "rev": "fcb8fcd6bf2d0adecae5bd491afaaaf8311b758d",
        "shallow": true,
        "type": "git",
        "url": "https://mirrors.nju.edu.cn/git/nixpkgs.git"
      },
      "original": {
        "ref": "nixos-26.05",
        "shallow": true,
        "type": "git",
        "url": "https://mirrors.nju.edu.cn/git/nixpkgs.git"
      }
    },
    "nixpkgs-unstable": {
      "locked": {
        "lastModified": 1786247143,
        "narHash": "sha256-8S3Kcxs7D4UtxJxSJZz0m14CGhuW0MxfrIwJxeGWGnQ=",
        "ref": "nixos-unstable",
        "rev": "279b4a8275f032c566576b3f181fa0f27197f588",
        "shallow": true,
        "type": "git",
        "url": "https://mirrors.nju.edu.cn/git/nixpkgs.git"
      },
      "original": {
        "ref": "nixos-unstable",
        "shallow": true,
        "type": "git",
        "url": "https://mirrors.nju.edu.cn/git/nixpkgs.git"
      }
    },
    "root": {
      "inputs": {
        "nixpkgs": "nixpkgs",
        "nixpkgs-unstable": "nixpkgs-unstable",
        "sls-steam": "sls-steam"
      }
    },
    "sls-steam": {
      "inputs": {
        "nixpkgs": [
          "nixpkgs"
        ]
      },
      "locked": {
        "lastModified": 1785830347,
        "narHash": "sha256-LA56VXRcymN7w9lcDIkgnVTYf1nmb8scPGfTQ6tlHpU=",
        "owner": "AceSLS",
        "repo": "SLSsteam",
        "rev": "a1b30e8183651a6d3a016365b18d8893964af7cc",
        "type": "github"
      },
      "original": {
        "owner": "AceSLS",
        "repo": "SLSsteam",
        "type": "github"
      }
    }
  },
  "root": "root",
  "version": 7
}
